
Microsoft Visual Studio Solution File, Format Version 12.00
# Visual Studio 2013
VisualStudioVersion = 12.0.31101.0
MinimumVisualStudioVersion = 10.0.40219.1
Project("{8BC9CEB8-8B4A-11D0-8D11-00A0C91BC942}") = "Server", "Server\Server.vcxproj", "{DD8094A4-9A06-48C2-8089-8F9CD17DB56A}"
EndProject
Project("{8BC9CEB8-8B4A-11D0-8D11-00A0C91BC942}") = "Client", "Client\Client.vcxproj", "{010C073D-B9CB-4FF6-8CA5-5029D6A6A2C7}"
EndProject
Project("{2150E333-8FDC-42A3-9474-1A3956D46DE8}") = "protobuf", "protobuf", "{79C6CA55-40CE-4F5F-A29E-F06C0158D617}"
EndProject
Project("{8BC9CEB8-8B4A-11D0-8D11-00A0C91BC942}") = "libprotobuf", "protobuf\vsprojects\libprotobuf.vcxproj", "{3E283F37-A4ED-41B7-A3E6-A2D89D131A30}"
EndProject
Project("{8BC9CEB8-8B4A-11D0-8D11-00A0C91BC942}") = "libprotoc", "protobuf\vsprojects\libprotoc.vcxproj", "{B84FF31A-5F9A-46F8-AB22-DBFC9BECE3BE}"
EndProject
Project("{8BC9CEB8-8B4A-11D0-8D11-00A0C91BC942}") = "protoc", "protobuf\vsprojects\protoc.vcxproj", "{1738D5F6-ED1E-47E0-B2F0-456864B93C1E}"
	ProjectSection(ProjectDependencies) = postProject
		{B84FF31A-5F9A-46F8-AB22-DBFC9BECE3BE} = {B84FF31A-5F9A-46F8-AB22-DBFC9BECE3BE}
	EndProjectSection
EndProject
Global
	GlobalSection(SolutionConfigurationPlatforms) = preSolution
		Debug|Win32 = Debug|Win32
		Release|Win32 = Release|Win32
	EndGlobalSection
	GlobalSection(ProjectConfigurationPlatforms) = postSolution
		{DD8094A4-9A06-48C2-8089-8F9CD17DB56A}.Debug|Win32.ActiveCfg = Debug|Win32
		{DD8094A4-9A06-48C2-8089-8F9CD17DB56A}.Debug|Win32.Build.0 = Debug|Win32
		{DD8094A4-9A06-48C2-8089-8F9CD17DB56A}.Release|Win32.ActiveCfg = Release|Win32
		{DD8094A4-9A06-48C2-8089-8F9CD17DB56A}.Release|Win32.Build.0 = Release|Win32
		{010C073D-B9CB-4FF6-8CA5-5029D6A6A2C7}.Debug|Win32.ActiveCfg = Debug|Win32
		{010C073D-B9CB-4FF6-8CA5-5029D6A6A2C7}.Debug|Win32.Build.0 = Debug|Win32
		{010C073D-B9CB-4FF6-8CA5-5029D6A6A2C7}.Release|Win32.ActiveCfg = Release|Win32
		{010C073D-B9CB-4FF6-8CA5-5029D6A6A2C7}.Release|Win32.Build.0 = Release|Win32
		{3E283F37-A4ED-41B7-A3E6-A2D89D131A30}.Debug|Win32.ActiveCfg = Debug|Win32
		{3E283F37-A4ED-41B7-A3E6-A2D89D131A30}.Debug|Win32.Build.0 = Debug|Win32
		{3E283F37-A4ED-41B7-A3E6-A2D89D131A30}.Release|Win32.ActiveCfg = Release|Win32
		{3E283F37-A4ED-41B7-A3E6-A2D89D131A30}.Release|Win32.Build.0 = Release|Win32
		{B84FF31A-5F9A-46F8-AB22-DBFC9BECE3BE}.Debug|Win32.ActiveCfg = Debug|Win32
		{B84FF31A-5F9A-46F8-AB22-DBFC9BECE3BE}.Debug|Win32.Build.0 = Debug|Win32
		{B84FF31A-5F9A-46F8-AB22-DBFC9BECE3BE}.Release|Win32.ActiveCfg = Release|Win32
		{B84FF31A-5F9A-46F8-AB22-DBFC9BECE3BE}.Release|Win32.Build.0 = Release|Win32
		{1738D5F6-ED1E-47E0-B2F0-456864B93C1E}.Debug|Win32.ActiveCfg = Debug|Win32
		{1738D5F6-ED1E-47E0-B2F0-456864B93C1E}.Debug|Win32.Build.0 = Debug|Win32
		{1738D5F6-ED1E-47E0-B2F0-456864B93C1E}.Release|Win32.ActiveCfg = Release|Win32
		{1738D5F6-ED1E-47E0-B2F0-456864B93C1E}.Release|Win32.Build.0 = Release|Win32
	EndGlobalSection
	GlobalSection(SolutionProperties) = preSolution
		HideSolutionNode = FALSE
	EndGlobalSection
	GlobalSection(NestedProjects) = preSolution
		{3E283F37-A4ED-41B7-A3E6-A2D89D131A30} = {79C6CA55-40CE-4F5F-A29E-F06C0158D617}
		{B84FF31A-5F9A-46F8-AB22-DBFC9BECE3BE} = {79C6CA55-40CE-4F5F-A29E-F06C0158D617}
		{1738D5F6-ED1E-47E0-B2F0-456864B93C1E} = {79C6CA55-40CE-4F5F-A29E-F06C0158D617}
	EndGlobalSection
EndGlobal
